// !$*UTF8*$!
{
	archiveVersion = 1;
	classes = {
	};
	objectVersion = 46;
	objects = {

/* Begin PBXBuildFile section */
		006958431C135398001517B6 /* AppDelegate.swift in Sources */ = {isa = PBXBuildFile; fileRef = 006958421C135398001517B6 /* AppDelegate.swift */; };
		006958451C135398001517B6 /* ViewController.swift in Sources */ = {isa = PBXBuildFile; fileRef = 006958441C135398001517B6 /* ViewController.swift */; };
		006958481C135398001517B6 /* Main.storyboard in Resources */ = {isa = PBXBuildFile; fileRef = 006958461C135398001517B6 /* Main.storyboard */; };
		0069584A1C135398001517B6 /* Assets.xcassets in Resources */ = {isa = PBXBuildFile; fileRef = 006958491C135398001517B6 /* Assets.xcassets */; };
		0069584D1C135398001517B6 /* LaunchScreen.storyboard in Resources */ = {isa = PBXBuildFile; fileRef = 0069584B1C135398001517B6 /* LaunchScreen.storyboard */; };
/* End PBXBuildFile section */

/* Begin PBXFileReference section */
		0069583F1C135397001517B6 /* FlyingColors.app */ = {isa = PBXFileReference; explicitFileType = wrapper.application; includeInIndex = 0; path = FlyingColors.app; sourceTree = BUILT_PRODUCTS_DIR; };
		006958421C135398001517B6 /* AppDelegate.swift */ = {isa = PBXFileReference; lastKnownFileType = sourcecode.swift; path = AppDelegate.swift; sourceTree = "<group>"; };
		006958441C135398001517B6 /* ViewController.swift */ = {isa = PBXFileReference; lastKnownFileType = sourcecode.swift; path = ViewController.swift; sourceTree = "<group>"; };
		006958471C135398001517B6 /* Base */ = {isa = PBXFileReference; lastKnownFileType = file.storyboard; name = Base; path = Base.lproj/Main.storyboard; sourceTree = "<group>"; };
		006958491C135398001517B6 /* Assets.xcassets */ = {isa = PBXFileReference; lastKnownFileType = folder.assetcatalog; path = Assets.xcassets; sourceTree = "<group>"; };
		0069584C1C135398001517B6 /* Base */ = {isa = PBXFileReference; lastKnownFileType = file.storyboard; name = Base; path = Base.lproj/LaunchScreen.storyboard; sourceTree = "<group>"; };
		0069584E1C135398001517B6 /* Info.plist */ = {isa = PBXFileReference; lastKnownFileType = text.plist.xml; path = Info.plist; sourceTree = "<group>"; };
/* End PBXFileReference section */

/* Begin PBXFrameworksBuildPhase section */
		0069583C1C135397001517B6 /* Frameworks */ = {
			isa = PBXFrameworksBuildPhase;
			buildActionMask = 2147483647;
			files = (
			);
			runOnlyForDeploymentPostprocessing = 0;
		};
/* End PBXFrameworksBuildPhase section */

/* Begin PBXGroup section */
		006958361C135397001517B6 = {
			isa = PBXGroup;
			children = (
				006958411C135397001517B6 /* FlyingColors */,
				006958401C135397001517B6 /* Products */,
			);
			sourceTree = "<group>";
		};
		006958401C135397001517B6 /* Products */ = {
			isa = PBXGroup;
			children = (
				0069583F1C135397001517B6 /* FlyingColors.app */,
			);
			name = Products;
			sourceTree = "<group>";
		};
		006958411C135397001517B6 /* FlyingColors */ = {
			isa = PBXGroup;
			children = (
				006958421C135398001517B6 /* AppDelegate.swift */,
				006958441C135398001517B6 /* ViewController.swift */,
				006958461C135398001517B6 /* Main.storyboard */,
				006958491C135398001517B6 /* Assets.xcassets */,
				0069584B1C135398001517B6 /* LaunchScreen.storyboard */,
				0069584E1C135398001517B6 /* Info.plist */,
			);
			path = FlyingColors;
			sourceTree = "<group>";
		};
/* End PBXGroup section */

/* Begin PBXNativeTarget section */
		0069583E1C135397001517B6 /* FlyingColors */ = {
			isa = PBXNativeTarget;
			buildConfigurationList = 006958511C135398001517B6 /* Build configuration list for PBXNativeTarget "FlyingColors" */;
			buildPhases = (
				0069583B1C135397001517B6 /* Sources */,
				0069583C1C135397001517B6 /* Frameworks */,
				0069583D1C135397001517B6 /* Resources */,
			);
			buildRules = (
			);
			dependencies = (
			);
			name = FlyingColors;
			productName = FlyingColors;
			productReference = 0069583F1C135397001517B6 /* FlyingColors.app */;
			productType = "com.apple.product-type.application";
		};
/* End PBXNativeTarget section */

/* Begin PBXProject section */
		006958371C135397001517B6 /* Project object */ = {
			isa = PBXProject;
			attributes = {
				LastSwiftUpdateCheck = 0710;
				LastUpgradeCheck = 0710;
				ORGANIZATIONNAME = "The Iron Yard";
				TargetAttributes = {
					0069583E1C135397001517B6 = {
						CreatedOnToolsVersion = 7.1.1;
						DevelopmentTeam = G9WMWPLR5N;
					};
				};
			};
			buildConfigurationList = 0069583A1C135397001517B6 /* Build configuration list for PBXProject "FlyingColors" */;
			compatibilityVersion = "Xcode 3.2";
			developmentRegion = English;
			hasScannedForEncodings = 0;
			knownRegions = (
				en,
				Base,
			);
			mainGroup = 006958361C135397001517B6;
			productRefGroup = 006958401C135397001517B6 /* Products */;
			projectDirPath = "";
			projectRoot = "";
			targets = (
				0069583E1C135397001517B6 /* FlyingColors */,
			);
		};
/* End PBXProject section */

/* Begin PBXResourcesBuildPhase section */
		0069583D1C135397001517B6 /* Resources */ = {
			isa = PBXResourcesBuildPhase;
			buildActionMask = 2147483647;
			files = (
				0069584D1C135398001517B6 /* LaunchScreen.storyboard in Resources */,
				0069584A1C135398001517B6 /* Assets.xcassets in Resources */,
				006958481C135398001517B6 /* Main.storyboard in Resources */,
			);
			runOnlyForDeploymentPostprocessing = 0;
		};
/* End PBXResourcesBuildPhase section */

/* Begin PBXSourcesBuildPhase section */
		0069583B1C135397001517B6 /* Sources */ = {
			isa = PBXSourcesBuildPhase;
			buildActionMask = 2147483647;
			files = (
				006958451C135398001517B6 /* ViewController.swift in Sources */,
				006958431C135398001517B6 /* AppDelegate.swift in Sources */,
			);
			runOnlyForDeploymentPostprocessing = 0;
		};
/* End PBXSourcesBuildPhase section */

/* Begin PBXVariantGroup section */
		006958461C135398001517B6 /* Main.storyboard */ = {
			isa = PBXVariantGroup;
			children = (
				006958471C135398001517B6 /* Base */,
			);
			name = Main.storyboard;
			sourceTree = "<group>";
		};
		0069584B1C135398001517B6 /* LaunchScreen.storyboard */ = {
			isa = PBXVariantGroup;
			children = (
				0069584C1C135398001517B6 /* Base */,
			);
			name = LaunchScreen.storyboard;
			sourceTree = "<group>";
		};
/* End PBXVariantGroup section */

/* Begin XCBuildConfiguration section */
		0069584F1C135398001517B6 /* Debug */ = {
			isa = XCBuildConfiguration;
			buildSettings = {
				ALWAYS_SEARCH_USER_PATHS = NO;
				CLANG_CXX_LANGUAGE_STANDARD = "gnu++0x";
				CLANG_CXX_LIBRARY = "libc++";
				CLANG_ENABLE_MODULES = YES;
				CLANG_ENABLE_OBJC_ARC = YES;
				CLANG_WARN_BOOL_CONVERSION = YES;
				CLANG_WARN_CONSTANT_CONVERSION = YES;
				CLANG_WARN_DIRECT_OBJC_ISA_USAGE = YES_ERROR;
				CLANG_WARN_EMPTY_BODY = YES;
				CLANG_WARN_ENUM_CONVERSION = YES;
				CLANG_WARN_INT_CONVERSION = YES;
				CLANG_WARN_OBJC_ROOT_CLASS = YES_ERROR;
				CLANG_WARN_UNREACHABLE_CODE = YES;
				CLANG_WARN__DUPLICATE_METHOD_MATCH = YES;
				"CODE_SIGN_IDENTITY[sdk=iphoneos*]" = "iPhone Developer";
				COPY_PHASE_STRIP = NO;
				DEBUG_INFORMATION_FORMAT = dwarf;
				ENABLE_STRICT_OBJC_MSGSEND = YES;
				ENABLE_TESTABILITY = YES;
				GCC_C_LANGUAGE_STANDARD = gnu99;
				GCC_DYNAMIC_NO_PIC = NO;
				GCC_NO_COMMON_BLOCKS = YES;
				GCC_OPTIMIZATION_LEVEL = 0;
				GCC_PREPROCESSOR_DEFINITIONS = (
					"DEBUG=1",
					"$(inherited)",
				);
				GCC_WARN_64_TO_32_BIT_CONVERSION = YES;
				GCC_WARN_ABOUT_RETURN_TYPE = YES_ERROR;
				GCC_WARN_UNDECLARED_SELECTOR = YES;
				GCC_WARN_UNINITIALIZED_AUTOS = YES_AGGRESSIVE;
				GCC_WARN_UNUSED_FUNCTION = YES;
				GCC_WARN_UNUSED_VARIABLE = YES;
				IPHONEOS_DEPLOYMENT_TARGET = 9.1;
				MTL_ENABLE_DEBUG_INFO = YES;
				ONLY_ACTIVE_ARCH = YES;
				SDKROOT = iphoneos;
				SWIFT_OPTIMIZATION_LEVEL = "-Onone";
				TARGETED_DEVICE_FAMILY = "1,2";
			};
			name = Debug;
		};
		006958501C135398001517B6 /* Release */ = {
			isa = XCBuildConfiguration;
			buildSettings = {
				ALWAYS_SEARCH_USER_PATHS = NO;
				CLANG_CXX_LANGUAGE_STANDARD = "gnu++0x";
				CLANG_CXX_LIBRARY = "libc++";
				CLANG_ENABLE_MODULES = YES;
				CLANG_ENABLE_OBJC_ARC = YES;
				CLANG_WARN_BOOL_CONVERSION = YES;
				CLANG_WARN_CONSTANT_CONVERSION = YES;
				CLANG_WARN_DIRECT_OBJC_ISA_USAGE = YES_ERROR;
				CLANG_WARN_EMPTY_BODY = YES;
				CLANG_WARN_ENUM_CONVERSION = YES;
				CLANG_WARN_INT_CONVERSION = YES;
				CLANG_WARN_OBJC_ROOT_CLASS = YES_ERROR;
				CLANG_WARN_UNREACHABLE_CODE = YES;
				CLANG_WARN__DUPLICATE_METHOD_MATCH = YES;
				"CODE_SIGN_IDENTITY[sdk=iphoneos*]" = "iPhone Developer";
				COPY_PHASE_STRIP = NO;
				DEBUG_INFORMATION_FORMAT = "dwarf-with-dsym";
				ENABLE_NS_ASSERTIONS = NO;
				ENABLE_STRICT_OBJC_MSGSEND = YES;
				GCC_C_LANGUAGE_STANDARD = gnu99;
				GCC_NO_COMMON_BLOCKS = YES;
				GCC_WARN_64_TO_32_BIT_CONVERSION = YES;
				GCC_WARN_ABOUT_RETURN_TYPE = YES_ERROR;
				GCC_WARN_UNDECLARED_SELECTOR = YES;
				GCC_WARN_UNINITIALIZED_AUTOS = YES_AGGRESSIVE;
				GCC_WARN_UNUSED_FUNCTION = YES;
				GCC_WARN_UNUSED_VARIABLE = YES;
				IPHONEOS_DEPLOYMENT_TARGET = 9.1;
				MTL_ENABLE_DEBUG_INFO = NO;
				SDKROOT = iphoneos;
				TARGETED_DEVICE_FAMILY = "1,2";
				VALIDATE_PRODUCT = YES;
			};
			name = Release;
		};
		006958521C135398001517B6 /* Debug */ = {
			isa = XCBuildConfiguration;
			buildSettings = {
				ASSETCATALOG_COMPILER_APPICON_NAME = AppIcon;
				INFOPLIST_FILE = FlyingColors/Info.plist;
				LD_RUNPATH_SEARCH_PATHS = "$(inherited) @executable_path/Frameworks";
				PRODUCT_BUNDLE_IDENTIFIER = com.tiy.FlyingColors;
				PRODUCT_NAME = "$(TARGET_NAME)";
			};
			name = Debug;
		};
		006958531C135398001517B6 /* Release */ = {
			isa = XCBuildConfiguration;
			buildSettings = {
				ASSETCATALOG_COMPILER_APPICON_NAME = AppIcon;
				INFOPLIST_FILE = FlyingColors/Info.plist;
				LD_RUNPATH_SEARCH_PATHS = "$(inherited) @executable_path/Frameworks";
				PRODUCT_BUNDLE_IDENTIFIER = com.tiy.FlyingColors;
				PRODUCT_NAME = "$(TARGET_NAME)";
			};
			name = Release;
		};
/* End XCBuildConfiguration section */

/* Begin XCConfigurationList section */
		0069583A1C135397001517B6 /* Build configuration list for PBXProject "FlyingColors" */ = {
			isa = XCConfigurationList;
			buildConfigurations = (
				0069584F1C135398001517B6 /* Debug */,
				006958501C135398001517B6 /* Release */,
			);
			defaultConfigurationIsVisible = 0;
			defaultConfigurationName = Release;
		};
		006958511C135398001517B6 /* Build configuration list for PBXNativeTarget "FlyingColors" */ = {
			isa = XCConfigurationList;
			buildConfigurations = (
				006958521C135398001517B6 /* Debug */,
				006958531C135398001517B6 /* Release */,
			);
			defaultConfigurationIsVisible = 0;
		};
/* End XCConfigurationList section */
	};
	rootObject = 006958371C135397001517B6 /* Project object */;
}
