// !$*UTF8*$!
{
	archiveVersion = 1;
	classes = {
	};
	objectVersion = 46;
	objects = {

/* Begin PBXBuildFile section */
		00B4ABAC1BE0203500FDA464 /* AppDelegate.swift in Sources */ = {isa = PBXBuildFile; fileRef = 00B4ABAB1BE0203500FDA464 /* AppDelegate.swift */; };
		00B4ABAE1BE0203500FDA464 /* ViewController.swift in Sources */ = {isa = PBXBuildFile; fileRef = 00B4ABAD1BE0203500FDA464 /* ViewController.swift */; };
		00B4ABB11BE0203500FDA464 /* Main.storyboard in Resources */ = {isa = PBXBuildFile; fileRef = 00B4ABAF1BE0203500FDA464 /* Main.storyboard */; };
		00B4ABB31BE0203500FDA464 /* Assets.xcassets in Resources */ = {isa = PBXBuildFile; fileRef = 00B4ABB21BE0203500FDA464 /* Assets.xcassets */; };
		00B4ABB61BE0203500FDA464 /* LaunchScreen.storyboard in Resources */ = {isa = PBXBuildFile; fileRef = 00B4ABB41BE0203500FDA464 /* LaunchScreen.storyboard */; };
/* End PBXBuildFile section */

/* Begin PBXFileReference section */
		00B4ABA81BE0203500FDA464 /* Mission-Briefing.app */ = {isa = PBXFileReference; explicitFileType = wrapper.application; includeInIndex = 0; path = "Mission-Briefing.app"; sourceTree = BUILT_PRODUCTS_DIR; };
		00B4ABAB1BE0203500FDA464 /* AppDelegate.swift */ = {isa = PBXFileReference; lastKnownFileType = sourcecode.swift; path = AppDelegate.swift; sourceTree = "<group>"; };
		00B4ABAD1BE0203500FDA464 /* ViewController.swift */ = {isa = PBXFileReference; lastKnownFileType = sourcecode.swift; path = ViewController.swift; sourceTree = "<group>"; };
		00B4ABB01BE0203500FDA464 /* Base */ = {isa = PBXFileReference; lastKnownFileType = file.storyboard; name = Base; path = Base.lproj/Main.storyboard; sourceTree = "<group>"; };
		00B4ABB21BE0203500FDA464 /* Assets.xcassets */ = {isa = PBXFileReference; lastKnownFileType = folder.assetcatalog; path = Assets.xcassets; sourceTree = "<group>"; };
		00B4ABB51BE0203500FDA464 /* Base */ = {isa = PBXFileReference; lastKnownFileType = file.storyboard; name = Base; path = Base.lproj/LaunchScreen.storyboard; sourceTree = "<group>"; };
		00B4ABB71BE0203500FDA464 /* Info.plist */ = {isa = PBXFileReference; lastKnownFileType = text.plist.xml; path = Info.plist; sourceTree = "<group>"; };
/* End PBXFileReference section */

/* Begin PBXFrameworksBuildPhase section */
		00B4ABA51BE0203500FDA464 /* Frameworks */ = {
			isa = PBXFrameworksBuildPhase;
			buildActionMask = 2147483647;
			files = (
			);
			runOnlyForDeploymentPostprocessing = 0;
		};
/* End PBXFrameworksBuildPhase section */

/* Begin PBXGroup section */
		00B4AB9F1BE0203500FDA464 = {
			isa = PBXGroup;
			children = (
				00B4ABAA1BE0203500FDA464 /* Mission-Briefing */,
				00B4ABA91BE0203500FDA464 /* Products */,
			);
			sourceTree = "<group>";
		};
		00B4ABA91BE0203500FDA464 /* Products */ = {
			isa = PBXGroup;
			children = (
				00B4ABA81BE0203500FDA464 /* Mission-Briefing.app */,
			);
			name = Products;
			sourceTree = "<group>";
		};
		00B4ABAA1BE0203500FDA464 /* Mission-Briefing */ = {
			isa = PBXGroup;
			children = (
				00B4ABAB1BE0203500FDA464 /* AppDelegate.swift */,
				00B4ABAD1BE0203500FDA464 /* ViewController.swift */,
				00B4ABAF1BE0203500FDA464 /* Main.storyboard */,
				00B4ABB21BE0203500FDA464 /* Assets.xcassets */,
				00B4ABB41BE0203500FDA464 /* LaunchScreen.storyboard */,
				00B4ABB71BE0203500FDA464 /* Info.plist */,
			);
			path = "Mission-Briefing";
			sourceTree = "<group>";
		};
/* End PBXGroup section */

/* Begin PBXNativeTarget section */
		00B4ABA71BE0203500FDA464 /* Mission-Briefing */ = {
			isa = PBXNativeTarget;
			buildConfigurationList = 00B4ABBA1BE0203500FDA464 /* Build configuration list for PBXNativeTarget "Mission-Briefing" */;
			buildPhases = (
				00B4ABA41BE0203500FDA464 /* Sources */,
				00B4ABA51BE0203500FDA464 /* Frameworks */,
				00B4ABA61BE0203500FDA464 /* Resources */,
			);
			buildRules = (
			);
			dependencies = (
			);
			name = "Mission-Briefing";
			productName = "Mission-Briefing";
			productReference = 00B4ABA81BE0203500FDA464 /* Mission-Briefing.app */;
			productType = "com.apple.product-type.application";
		};
/* End PBXNativeTarget section */

/* Begin PBXProject section */
		00B4ABA01BE0203500FDA464 /* Project object */ = {
			isa = PBXProject;
			attributes = {
				LastSwiftUpdateCheck = 0710;
				LastUpgradeCheck = 0710;
				ORGANIZATIONNAME = "The Iron Yard";
				TargetAttributes = {
					00B4ABA71BE0203500FDA464 = {
						CreatedOnToolsVersion = 7.1;
					};
				};
			};
			buildConfigurationList = 00B4ABA31BE0203500FDA464 /* Build configuration list for PBXProject "Mission-Briefing" */;
			compatibilityVersion = "Xcode 3.2";
			developmentRegion = English;
			hasScannedForEncodings = 0;
			knownRegions = (
				en,
				Base,
			);
			mainGroup = 00B4AB9F1BE0203500FDA464;
			productRefGroup = 00B4ABA91BE0203500FDA464 /* Products */;
			projectDirPath = "";
			projectRoot = "";
			targets = (
				00B4ABA71BE0203500FDA464 /* Mission-Briefing */,
			);
		};
/* End PBXProject section */

/* Begin PBXResourcesBuildPhase section */
		00B4ABA61BE0203500FDA464 /* Resources */ = {
			isa = PBXResourcesBuildPhase;
			buildActionMask = 2147483647;
			files = (
				00B4ABB61BE0203500FDA464 /* LaunchScreen.storyboard in Resources */,
				00B4ABB31BE0203500FDA464 /* Assets.xcassets in Resources */,
				00B4ABB11BE0203500FDA464 /* Main.storyboard in Resources */,
			);
			runOnlyForDeploymentPostprocessing = 0;
		};
/* End PBXResourcesBuildPhase section */

/* Begin PBXSourcesBuildPhase section */
		00B4ABA41BE0203500FDA464 /* Sources */ = {
			isa = PBXSourcesBuildPhase;
			buildActionMask = 2147483647;
			files = (
				00B4ABAE1BE0203500FDA464 /* ViewController.swift in Sources */,
				00B4ABAC1BE0203500FDA464 /* AppDelegate.swift in Sources */,
			);
			runOnlyForDeploymentPostprocessing = 0;
		};
/* End PBXSourcesBuildPhase section */

/* Begin PBXVariantGroup section */
		00B4ABAF1BE0203500FDA464 /* Main.storyboard */ = {
			isa = PBXVariantGroup;
			children = (
				00B4ABB01BE0203500FDA464 /* Base */,
			);
			name = Main.storyboard;
			sourceTree = "<group>";
		};
		00B4ABB41BE0203500FDA464 /* LaunchScreen.storyboard */ = {
			isa = PBXVariantGroup;
			children = (
				00B4ABB51BE0203500FDA464 /* Base */,
			);
			name = LaunchScreen.storyboard;
			sourceTree = "<group>";
		};
/* End PBXVariantGroup section */

/* Begin XCBuildConfiguration section */
		00B4ABB81BE0203500FDA464 /* Debug */ = {
			isa = XCBuildConfiguration;
			buildSettings = {
				ALWAYS_SEARCH_USER_PATHS = NO;
				CLANG_CXX_LANGUAGE_STANDARD = "gnu++0x";
				CLANG_CXX_LIBRARY = "libc++";
				CLANG_ENABLE_MODULES = YES;
				CLANG_ENABLE_OBJC_ARC = YES;
				CLANG_WARN_BOOL_CONVERSION = YES;
				CLANG_WARN_CONSTANT_CONVERSION = YES;
				CLANG_WARN_DIRECT_OBJC_ISA_USAGE = YES_ERROR;
				CLANG_WARN_EMPTY_BODY = YES;
				CLANG_WARN_ENUM_CONVERSION = YES;
				CLANG_WARN_INT_CONVERSION = YES;
				CLANG_WARN_OBJC_ROOT_CLASS = YES_ERROR;
				CLANG_WARN_UNREACHABLE_CODE = YES;
				CLANG_WARN__DUPLICATE_METHOD_MATCH = YES;
				"CODE_SIGN_IDENTITY[sdk=iphoneos*]" = "iPhone Developer";
				COPY_PHASE_STRIP = NO;
				DEBUG_INFORMATION_FORMAT = dwarf;
				ENABLE_STRICT_OBJC_MSGSEND = YES;
				ENABLE_TESTABILITY = YES;
				GCC_C_LANGUAGE_STANDARD = gnu99;
				GCC_DYNAMIC_NO_PIC = NO;
				GCC_NO_COMMON_BLOCKS = YES;
				GCC_OPTIMIZATION_LEVEL = 0;
				GCC_PREPROCESSOR_DEFINITIONS = (
					"DEBUG=1",
					"$(inherited)",
				);
				GCC_WARN_64_TO_32_BIT_CONVERSION = YES;
				GCC_WARN_ABOUT_RETURN_TYPE = YES_ERROR;
				GCC_WARN_UNDECLARED_SELECTOR = YES;
				GCC_WARN_UNINITIALIZED_AUTOS = YES_AGGRESSIVE;
				GCC_WARN_UNUSED_FUNCTION = YES;
				GCC_WARN_UNUSED_VARIABLE = YES;
				IPHONEOS_DEPLOYMENT_TARGET = 9.1;
				MTL_ENABLE_DEBUG_INFO = YES;
				ONLY_ACTIVE_ARCH = YES;
				SDKROOT = iphoneos;
				SWIFT_OPTIMIZATION_LEVEL = "-Onone";
				TARGETED_DEVICE_FAMILY = "1,2";
			};
			name = Debug;
		};
		00B4ABB91BE0203500FDA464 /* Release */ = {
			isa = XCBuildConfiguration;
			buildSettings = {
				ALWAYS_SEARCH_USER_PATHS = NO;
				CLANG_CXX_LANGUAGE_STANDARD = "gnu++0x";
				CLANG_CXX_LIBRARY = "libc++";
				CLANG_ENABLE_MODULES = YES;
				CLANG_ENABLE_OBJC_ARC = YES;
				CLANG_WARN_BOOL_CONVERSION = YES;
				CLANG_WARN_CONSTANT_CONVERSION = YES;
				CLANG_WARN_DIRECT_OBJC_ISA_USAGE = YES_ERROR;
				CLANG_WARN_EMPTY_BODY = YES;
				CLANG_WARN_ENUM_CONVERSION = YES;
				CLANG_WARN_INT_CONVERSION = YES;
				CLANG_WARN_OBJC_ROOT_CLASS = YES_ERROR;
				CLANG_WARN_UNREACHABLE_CODE = YES;
				CLANG_WARN__DUPLICATE_METHOD_MATCH = YES;
				"CODE_SIGN_IDENTITY[sdk=iphoneos*]" = "iPhone Developer";
				COPY_PHASE_STRIP = NO;
				DEBUG_INFORMATION_FORMAT = "dwarf-with-dsym";
				ENABLE_NS_ASSERTIONS = NO;
				ENABLE_STRICT_OBJC_MSGSEND = YES;
				GCC_C_LANGUAGE_STANDARD = gnu99;
				GCC_NO_COMMON_BLOCKS = YES;
				GCC_WARN_64_TO_32_BIT_CONVERSION = YES;
				GCC_WARN_ABOUT_RETURN_TYPE = YES_ERROR;
				GCC_WARN_UNDECLARED_SELECTOR = YES;
				GCC_WARN_UNINITIALIZED_AUTOS = YES_AGGRESSIVE;
				GCC_WARN_UNUSED_FUNCTION = YES;
				GCC_WARN_UNUSED_VARIABLE = YES;
				IPHONEOS_DEPLOYMENT_TARGET = 9.1;
				MTL_ENABLE_DEBUG_INFO = NO;
				SDKROOT = iphoneos;
				TARGETED_DEVICE_FAMILY = "1,2";
				VALIDATE_PRODUCT = YES;
			};
			name = Release;
		};
		00B4ABBB1BE0203500FDA464 /* Debug */ = {
			isa = XCBuildConfiguration;
			buildSettings = {
				ASSETCATALOG_COMPILER_APPICON_NAME = AppIcon;
				INFOPLIST_FILE = "Mission-Briefing/Info.plist";
				LD_RUNPATH_SEARCH_PATHS = "$(inherited) @executable_path/Frameworks";
				PRODUCT_BUNDLE_IDENTIFIER = "com.tiy.Mission-Briefing";
				PRODUCT_NAME = "$(TARGET_NAME)";
			};
			name = Debug;
		};
		00B4ABBC1BE0203500FDA464 /* Release */ = {
			isa = XCBuildConfiguration;
			buildSettings = {
				ASSETCATALOG_COMPILER_APPICON_NAME = AppIcon;
				INFOPLIST_FILE = "Mission-Briefing/Info.plist";
				LD_RUNPATH_SEARCH_PATHS = "$(inherited) @executable_path/Frameworks";
				PRODUCT_BUNDLE_IDENTIFIER = "com.tiy.Mission-Briefing";
				PRODUCT_NAME = "$(TARGET_NAME)";
			};
			name = Release;
		};
/* End XCBuildConfiguration section */

/* Begin XCConfigurationList section */
		00B4ABA31BE0203500FDA464 /* Build configuration list for PBXProject "Mission-Briefing" */ = {
			isa = XCConfigurationList;
			buildConfigurations = (
				00B4ABB81BE0203500FDA464 /* Debug */,
				00B4ABB91BE0203500FDA464 /* Release */,
			);
			defaultConfigurationIsVisible = 0;
			defaultConfigurationName = Release;
		};
		00B4ABBA1BE0203500FDA464 /* Build configuration list for PBXNativeTarget "Mission-Briefing" */ = {
			isa = XCConfigurationList;
			buildConfigurations = (
				00B4ABBB1BE0203500FDA464 /* Debug */,
				00B4ABBC1BE0203500FDA464 /* Release */,
			);
			defaultConfigurationIsVisible = 0;
		};
/* End XCConfigurationList section */
	};
	rootObject = 00B4ABA01BE0203500FDA464 /* Project object */;
}
